// !$*UTF8*$!
{
	archiveVersion = 1;
	classes = {
	};
	objectVersion = 50;
	objects = {

/* Begin PBXBuildFile section */
		CE0F1EBD23D83DA700211753 /* AppDelegate.swift in Sources */ = {isa = PBXBuildFile; fileRef = CE0F1EBC23D83DA700211753 /* AppDelegate.swift */; };
		CE0F1EC823D83DA700211753 /* Main.storyboard in Resources */ = {isa = PBXBuildFile; fileRef = CE0F1EC623D83DA700211753 /* Main.storyboard */; };
		CE0F1ECA23D83DA800211753 /* Assets.xcassets in Resources */ = {isa = PBXBuildFile; fileRef = CE0F1EC923D83DA800211753 /* Assets.xcassets */; };
		CE0F1ECD23D83DA800211753 /* LaunchScreen.storyboard in Resources */ = {isa = PBXBuildFile; fileRef = CE0F1ECB23D83DA800211753 /* LaunchScreen.storyboard */; };
		CE0F1EDA23D8463A00211753 /* SelectViewController.swift in Sources */ = {isa = PBXBuildFile; fileRef = CE0F1ED923D8463A00211753 /* SelectViewController.swift */; };
		CE0F1EDC23D8478700211753 /* Animation.swift in Sources */ = {isa = PBXBuildFile; fileRef = CE0F1EDB23D8478700211753 /* Animation.swift */; };
		CE0F1EDE23D847EC00211753 /* ReadyViewController.swift in Sources */ = {isa = PBXBuildFile; fileRef = CE0F1EDD23D847EC00211753 /* ReadyViewController.swift */; };
		CE0F1EE623DC7B1100211753 /* TimerViewController.swift in Sources */ = {isa = PBXBuildFile; fileRef = CE0F1EE523DC7B1100211753 /* TimerViewController.swift */; };
		CE0F1EF423DDD7E900211753 /* cookingBGM.mp3 in Resources */ = {isa = PBXBuildFile; fileRef = CE0F1EF323DDD7E900211753 /* cookingBGM.mp3 */; };
/* End PBXBuildFile section */

/* Begin PBXFileReference section */
		CE0F1EB923D83DA700211753 /* WaitingTime_App.app */ = {isa = PBXFileReference; explicitFileType = wrapper.application; includeInIndex = 0; path = WaitingTime_App.app; sourceTree = BUILT_PRODUCTS_DIR; };
		CE0F1EBC23D83DA700211753 /* AppDelegate.swift */ = {isa = PBXFileReference; lastKnownFileType = sourcecode.swift; path = AppDelegate.swift; sourceTree = "<group>"; };
		CE0F1EC723D83DA700211753 /* Base */ = {isa = PBXFileReference; lastKnownFileType = file.storyboard; name = Base; path = Base.lproj/Main.storyboard; sourceTree = "<group>"; };
		CE0F1EC923D83DA800211753 /* Assets.xcassets */ = {isa = PBXFileReference; lastKnownFileType = folder.assetcatalog; path = Assets.xcassets; sourceTree = "<group>"; };
		CE0F1ECC23D83DA800211753 /* Base */ = {isa = PBXFileReference; lastKnownFileType = file.storyboard; name = Base; path = Base.lproj/LaunchScreen.storyboard; sourceTree = "<group>"; };
		CE0F1ECE23D83DA800211753 /* Info.plist */ = {isa = PBXFileReference; lastKnownFileType = text.plist.xml; path = Info.plist; sourceTree = "<group>"; };
		CE0F1ED923D8463A00211753 /* SelectViewController.swift */ = {isa = PBXFileReference; lastKnownFileType = sourcecode.swift; path = SelectViewController.swift; sourceTree = "<group>"; };
		CE0F1EDB23D8478700211753 /* Animation.swift */ = {isa = PBXFileReference; lastKnownFileType = sourcecode.swift; path = Animation.swift; sourceTree = "<group>"; };
		CE0F1EDD23D847EC00211753 /* ReadyViewController.swift */ = {isa = PBXFileReference; lastKnownFileType = sourcecode.swift; path = ReadyViewController.swift; sourceTree = "<group>"; };
		CE0F1EE523DC7B1100211753 /* TimerViewController.swift */ = {isa = PBXFileReference; lastKnownFileType = sourcecode.swift; path = TimerViewController.swift; sourceTree = "<group>"; };
		CE0F1EF323DDD7E900211753 /* cookingBGM.mp3 */ = {isa = PBXFileReference; lastKnownFileType = audio.mp3; path = cookingBGM.mp3; sourceTree = "<group>"; };
/* End PBXFileReference section */

/* Begin PBXFrameworksBuildPhase section */
		CE0F1EB623D83DA700211753 /* Frameworks */ = {
			isa = PBXFrameworksBuildPhase;
			buildActionMask = 2147483647;
			files = (
			);
			runOnlyForDeploymentPostprocessing = 0;
		};
/* End PBXFrameworksBuildPhase section */

/* Begin PBXGroup section */
		CE0F1EB023D83DA700211753 = {
			isa = PBXGroup;
			children = (
				CE0F1EBB23D83DA700211753 /* WaitingTime_App */,
				CE0F1EBA23D83DA700211753 /* Products */,
			);
			sourceTree = "<group>";
		};
		CE0F1EBA23D83DA700211753 /* Products */ = {
			isa = PBXGroup;
			children = (
				CE0F1EB923D83DA700211753 /* WaitingTime_App.app */,
			);
			name = Products;
			sourceTree = "<group>";
		};
		CE0F1EBB23D83DA700211753 /* WaitingTime_App */ = {
			isa = PBXGroup;
			children = (
				CE0F1ED423D83EFE00211753 /* Model */,
				CE0F1ED523D83F0A00211753 /* View */,
				CE0F1ED623D83F1000211753 /* Controller */,
				CE0F1EC923D83DA800211753 /* Assets.xcassets */,
				CE0F1EF323DDD7E900211753 /* cookingBGM.mp3 */,
				CE0F1ECE23D83DA800211753 /* Info.plist */,
			);
			path = WaitingTime_App;
			sourceTree = "<group>";
		};
		CE0F1ED423D83EFE00211753 /* Model */ = {
			isa = PBXGroup;
			children = (
				CE0F1EDB23D8478700211753 /* Animation.swift */,
			);
			path = Model;
			sourceTree = "<group>";
		};
		CE0F1ED523D83F0A00211753 /* View */ = {
			isa = PBXGroup;
			children = (
				CE0F1EC623D83DA700211753 /* Main.storyboard */,
				CE0F1ECB23D83DA800211753 /* LaunchScreen.storyboard */,
			);
			path = View;
			sourceTree = "<group>";
		};
		CE0F1ED623D83F1000211753 /* Controller */ = {
			isa = PBXGroup;
			children = (
				CE0F1EBC23D83DA700211753 /* AppDelegate.swift */,
				CE0F1ED923D8463A00211753 /* SelectViewController.swift */,
				CE0F1EDD23D847EC00211753 /* ReadyViewController.swift */,
				CE0F1EE523DC7B1100211753 /* TimerViewController.swift */,
			);
			path = Controller;
			sourceTree = "<group>";
		};
/* End PBXGroup section */

/* Begin PBXNativeTarget section */
		CE0F1EB823D83DA700211753 /* WaitingTime_App */ = {
			isa = PBXNativeTarget;
			buildConfigurationList = CE0F1ED123D83DA800211753 /* Build configuration list for PBXNativeTarget "WaitingTime_App" */;
			buildPhases = (
				CE0F1EB523D83DA700211753 /* Sources */,
				CE0F1EB623D83DA700211753 /* Frameworks */,
				CE0F1EB723D83DA700211753 /* Resources */,
			);
			buildRules = (
			);
			dependencies = (
			);
			name = WaitingTime_App;
			productName = WaitingTime_App;
			productReference = CE0F1EB923D83DA700211753 /* WaitingTime_App.app */;
			productType = "com.apple.product-type.application";
		};
/* End PBXNativeTarget section */

/* Begin PBXProject section */
		CE0F1EB123D83DA700211753 /* Project object */ = {
			isa = PBXProject;
			attributes = {
				LastSwiftUpdateCheck = 1110;
				LastUpgradeCheck = 1110;
				ORGANIZATIONNAME = "Ryosuke Osaki";
				TargetAttributes = {
					CE0F1EB823D83DA700211753 = {
						CreatedOnToolsVersion = 11.1;
					};
				};
			};
			buildConfigurationList = CE0F1EB423D83DA700211753 /* Build configuration list for PBXProject "WaitingTime_App" */;
			compatibilityVersion = "Xcode 9.3";
			developmentRegion = en;
			hasScannedForEncodings = 0;
			knownRegions = (
				en,
				Base,
			);
			mainGroup = CE0F1EB023D83DA700211753;
			productRefGroup = CE0F1EBA23D83DA700211753 /* Products */;
			projectDirPath = "";
			projectRoot = "";
			targets = (
				CE0F1EB823D83DA700211753 /* WaitingTime_App */,
			);
		};
/* End PBXProject section */

/* Begin PBXResourcesBuildPhase section */
		CE0F1EB723D83DA700211753 /* Resources */ = {
			isa = PBXResourcesBuildPhase;
			buildActionMask = 2147483647;
			files = (
				CE0F1EF423DDD7E900211753 /* cookingBGM.mp3 in Resources */,
				CE0F1EC823D83DA700211753 /* Main.storyboard in Resources */,
				CE0F1ECA23D83DA800211753 /* Assets.xcassets in Resources */,
				CE0F1ECD23D83DA800211753 /* LaunchScreen.storyboard in Resources */,
			);
			runOnlyForDeploymentPostprocessing = 0;
		};
/* End PBXResourcesBuildPhase section */

/* Begin PBXSourcesBuildPhase section */
		CE0F1EB523D83DA700211753 /* Sources */ = {
			isa = PBXSourcesBuildPhase;
			buildActionMask = 2147483647;
			files = (
				CE0F1EE623DC7B1100211753 /* TimerViewController.swift in Sources */,
				CE0F1EDA23D8463A00211753 /* SelectViewController.swift in Sources */,
				CE0F1EDC23D8478700211753 /* Animation.swift in Sources */,
				CE0F1EDE23D847EC00211753 /* ReadyViewController.swift in Sources */,
				CE0F1EBD23D83DA700211753 /* AppDelegate.swift in Sources */,
			);
			runOnlyForDeploymentPostprocessing = 0;
		};
/* End PBXSourcesBuildPhase section */

/* Begin PBXVariantGroup section */
		CE0F1EC623D83DA700211753 /* Main.storyboard */ = {
			isa = PBXVariantGroup;
			children = (
				CE0F1EC723D83DA700211753 /* Base */,
			);
			name = Main.storyboard;
			sourceTree = "<group>";
		};
		CE0F1ECB23D83DA800211753 /* LaunchScreen.storyboard */ = {
			isa = PBXVariantGroup;
			children = (
				CE0F1ECC23D83DA800211753 /* Base */,
			);
			name = LaunchScreen.storyboard;
			sourceTree = "<group>";
		};
/* End PBXVariantGroup section */

/* Begin XCBuildConfiguration section */
		CE0F1ECF23D83DA800211753 /* Debug */ = {
			isa = XCBuildConfiguration;
			buildSettings = {
				ALWAYS_SEARCH_USER_PATHS = NO;
				CLANG_ANALYZER_NONNULL = YES;
				CLANG_ANALYZER_NUMBER_OBJECT_CONVERSION = YES_AGGRESSIVE;
				CLANG_CXX_LANGUAGE_STANDARD = "gnu++14";
				CLANG_CXX_LIBRARY = "libc++";
				CLANG_ENABLE_MODULES = YES;
				CLANG_ENABLE_OBJC_ARC = YES;
				CLANG_ENABLE_OBJC_WEAK = YES;
				CLANG_WARN_BLOCK_CAPTURE_AUTORELEASING = YES;
				CLANG_WARN_BOOL_CONVERSION = YES;
				CLANG_WARN_COMMA = YES;
				CLANG_WARN_CONSTANT_CONVERSION = YES;
				CLANG_WARN_DEPRECATED_OBJC_IMPLEMENTATIONS = YES;
				CLANG_WARN_DIRECT_OBJC_ISA_USAGE = YES_ERROR;
				CLANG_WARN_DOCUMENTATION_COMMENTS = YES;
				CLANG_WARN_EMPTY_BODY = YES;
				CLANG_WARN_ENUM_CONVERSION = YES;
				CLANG_WARN_INFINITE_RECURSION = YES;
				CLANG_WARN_INT_CONVERSION = YES;
				CLANG_WARN_NON_LITERAL_NULL_CONVERSION = YES;
				CLANG_WARN_OBJC_IMPLICIT_RETAIN_SELF = YES;
				CLANG_WARN_OBJC_LITERAL_CONVERSION = YES;
				CLANG_WARN_OBJC_ROOT_CLASS = YES_ERROR;
				CLANG_WARN_RANGE_LOOP_ANALYSIS = YES;
				CLANG_WARN_STRICT_PROTOTYPES = YES;
				CLANG_WARN_SUSPICIOUS_MOVE = YES;
				CLANG_WARN_UNGUARDED_AVAILABILITY = YES_AGGRESSIVE;
				CLANG_WARN_UNREACHABLE_CODE = YES;
				CLANG_WARN__DUPLICATE_METHOD_MATCH = YES;
				COPY_PHASE_STRIP = NO;
				DEBUG_INFORMATION_FORMAT = dwarf;
				ENABLE_STRICT_OBJC_MSGSEND = YES;
				ENABLE_TESTABILITY = YES;
				GCC_C_LANGUAGE_STANDARD = gnu11;
				GCC_DYNAMIC_NO_PIC = NO;
				GCC_NO_COMMON_BLOCKS = YES;
				GCC_OPTIMIZATION_LEVEL = 0;
				GCC_PREPROCESSOR_DEFINITIONS = (
					"DEBUG=1",
					"$(inherited)",
				);
				GCC_WARN_64_TO_32_BIT_CONVERSION = YES;
				GCC_WARN_ABOUT_RETURN_TYPE = YES_ERROR;
				GCC_WARN_UNDECLARED_SELECTOR = YES;
				GCC_WARN_UNINITIALIZED_AUTOS = YES_AGGRESSIVE;
				GCC_WARN_UNUSED_FUNCTION = YES;
				GCC_WARN_UNUSED_VARIABLE = YES;
				IPHONEOS_DEPLOYMENT_TARGET = 13.1;
				MTL_ENABLE_DEBUG_INFO = INCLUDE_SOURCE;
				MTL_FAST_MATH = YES;
				ONLY_ACTIVE_ARCH = YES;
				SDKROOT = iphoneos;
				SWIFT_ACTIVE_COMPILATION_CONDITIONS = DEBUG;
				SWIFT_OPTIMIZATION_LEVEL = "-Onone";
			};
			name = Debug;
		};
		CE0F1ED023D83DA800211753 /* Release */ = {
			isa = XCBuildConfiguration;
			buildSettings = {
				ALWAYS_SEARCH_USER_PATHS = NO;
				CLANG_ANALYZER_NONNULL = YES;
				CLANG_ANALYZER_NUMBER_OBJECT_CONVERSION = YES_AGGRESSIVE;
				CLANG_CXX_LANGUAGE_STANDARD = "gnu++14";
				CLANG_CXX_LIBRARY = "libc++";
				CLANG_ENABLE_MODULES = YES;
				CLANG_ENABLE_OBJC_ARC = YES;
				CLANG_ENABLE_OBJC_WEAK = YES;
				CLANG_WARN_BLOCK_CAPTURE_AUTORELEASING = YES;
				CLANG_WARN_BOOL_CONVERSION = YES;
				CLANG_WARN_COMMA = YES;
				CLANG_WARN_CONSTANT_CONVERSION = YES;
				CLANG_WARN_DEPRECATED_OBJC_IMPLEMENTATIONS = YES;
				CLANG_WARN_DIRECT_OBJC_ISA_USAGE = YES_ERROR;
				CLANG_WARN_DOCUMENTATION_COMMENTS = YES;
				CLANG_WARN_EMPTY_BODY = YES;
				CLANG_WARN_ENUM_CONVERSION = YES;
				CLANG_WARN_INFINITE_RECURSION = YES;
				CLANG_WARN_INT_CONVERSION = YES;
				CLANG_WARN_NON_LITERAL_NULL_CONVERSION = YES;
				CLANG_WARN_OBJC_IMPLICIT_RETAIN_SELF = YES;
				CLANG_WARN_OBJC_LITERAL_CONVERSION = YES;
				CLANG_WARN_OBJC_ROOT_CLASS = YES_ERROR;
				CLANG_WARN_RANGE_LOOP_ANALYSIS = YES;
				CLANG_WARN_STRICT_PROTOTYPES = YES;
				CLANG_WARN_SUSPICIOUS_MOVE = YES;
				CLANG_WARN_UNGUARDED_AVAILABILITY = YES_AGGRESSIVE;
				CLANG_WARN_UNREACHABLE_CODE = YES;
				CLANG_WARN__DUPLICATE_METHOD_MATCH = YES;
				COPY_PHASE_STRIP = NO;
				DEBUG_INFORMATION_FORMAT = "dwarf-with-dsym";
				ENABLE_NS_ASSERTIONS = NO;
				ENABLE_STRICT_OBJC_MSGSEND = YES;
				GCC_C_LANGUAGE_STANDARD = gnu11;
				GCC_NO_COMMON_BLOCKS = YES;
				GCC_WARN_64_TO_32_BIT_CONVERSION = YES;
				GCC_WARN_ABOUT_RETURN_TYPE = YES_ERROR;
				GCC_WARN_UNDECLARED_SELECTOR = YES;
				GCC_WARN_UNINITIALIZED_AUTOS = YES_AGGRESSIVE;
				GCC_WARN_UNUSED_FUNCTION = YES;
				GCC_WARN_UNUSED_VARIABLE = YES;
				IPHONEOS_DEPLOYMENT_TARGET = 13.1;
				MTL_ENABLE_DEBUG_INFO = NO;
				MTL_FAST_MATH = YES;
				SDKROOT = iphoneos;
				SWIFT_COMPILATION_MODE = wholemodule;
				SWIFT_OPTIMIZATION_LEVEL = "-O";
				VALIDATE_PRODUCT = YES;
			};
			name = Release;
		};
		CE0F1ED223D83DA800211753 /* Debug */ = {
			isa = XCBuildConfiguration;
			buildSettings = {
				ASSETCATALOG_COMPILER_APPICON_NAME = AppIcon;
				CODE_SIGN_STYLE = Automatic;
				DEVELOPMENT_TEAM = 3U5W5SNA9X;
				INFOPLIST_FILE = WaitingTime_App/Info.plist;
				LD_RUNPATH_SEARCH_PATHS = (
					"$(inherited)",
					"@executable_path/Frameworks",
				);
				PRODUCT_BUNDLE_IDENTIFIER = "com.sakio1535.WaitingTime-App";
				PRODUCT_NAME = "$(TARGET_NAME)";
				SWIFT_VERSION = 5.0;
				TARGETED_DEVICE_FAMILY = 1;
			};
			name = Debug;
		};
		CE0F1ED323D83DA800211753 /* Release */ = {
			isa = XCBuildConfiguration;
			buildSettings = {
				ASSETCATALOG_COMPILER_APPICON_NAME = AppIcon;
				CODE_SIGN_STYLE = Automatic;
				DEVELOPMENT_TEAM = 3U5W5SNA9X;
				INFOPLIST_FILE = WaitingTime_App/Info.plist;
				LD_RUNPATH_SEARCH_PATHS = (
					"$(inherited)",
					"@executable_path/Frameworks",
				);
				PRODUCT_BUNDLE_IDENTIFIER = "com.sakio1535.WaitingTime-App";
				PRODUCT_NAME = "$(TARGET_NAME)";
				SWIFT_VERSION = 5.0;
				TARGETED_DEVICE_FAMILY = 1;
			};
			name = Release;
		};
/* End XCBuildConfiguration section */

/* Begin XCConfigurationList section */
		CE0F1EB423D83DA700211753 /* Build configuration list for PBXProject "WaitingTime_App" */ = {
			isa = XCConfigurationList;
			buildConfigurations = (
				CE0F1ECF23D83DA800211753 /* Debug */,
				CE0F1ED023D83DA800211753 /* Release */,
			);
			defaultConfigurationIsVisible = 0;
			defaultConfigurationName = Release;
		};
		CE0F1ED123D83DA800211753 /* Build configuration list for PBXNativeTarget "WaitingTime_App" */ = {
			isa = XCConfigurationList;
			buildConfigurations = (
				CE0F1ED223D83DA800211753 /* Debug */,
				CE0F1ED323D83DA800211753 /* Release */,
			);
			defaultConfigurationIsVisible = 0;
			defaultConfigurationName = Release;
		};
/* End XCConfigurationList section */
	};
	rootObject = CE0F1EB123D83DA700211753 /* Project object */;
}
